
Microsoft Visual Studio Solution File, Format Version 11.00
# Visual Studio 2010
Project("{8BC9CEB8-8B4A-11D0-8D11-00A0C91BC942}") = "DS18B20", "DS18B20\DS18B20.vcxproj", "{C123D148-3362-4CE9-B7E5-FD4AE534B323}"
EndProject
Project("{8BC9CEB8-8B4A-11D0-8D11-00A0C91BC942}") = "DS1307Example", "DS1307Example\DS1307Example.vcxproj", "{D61F7741-FF39-44A1-A88B-5C0E0250541B}"
EndProject
Project("{8BC9CEB8-8B4A-11D0-8D11-00A0C91BC942}") = "DS1307Tick", "DS1307Tick\DS1307Tick.vcxproj", "{7CDF1F4F-D32A-4162-BBB4-79CE8E8DED8A}"
EndProject
Project("{8BC9CEB8-8B4A-11D0-8D11-00A0C91BC942}") = "DS1307Win", "DS1307Win\DS1307Win.vcxproj", "{0C9A02CA-F177-4A1A-AD45-0C7B6382C0E1}"
EndProject
Project("{8BC9CEB8-8B4A-11D0-8D11-00A0C91BC942}") = "i2cLCD", "i2cLCD\i2cLCD.vcxproj", "{B2512DC6-CF42-48F8-927B-875D91A25AF6}"
EndProject
Project("{8BC9CEB8-8B4A-11D0-8D11-00A0C91BC942}") = "i2cScanner", "i2cScanner\i2cScanner.vcxproj", "{1B1ABD3A-8F70-46D1-BA3F-0812A45C763D}"
EndProject
Project("{8BC9CEB8-8B4A-11D0-8D11-00A0C91BC942}") = "IntHandler", "IntHandler\IntHandler.vcxproj", "{C1E8F1BE-A5C3-472E-A708-ADB63A570844}"
EndProject
Project("{8BC9CEB8-8B4A-11D0-8D11-00A0C91BC942}") = "IntTimers", "IntTimers\IntTimers.vcxproj", "{50DD4828-74A4-44A4-A910-80E0D96A904B}"
EndProject
Project("{8BC9CEB8-8B4A-11D0-8D11-00A0C91BC942}") = "MPU6050ArduinoCC", "MPU6050ArduinoCC\MPU6050ArduinoCC.vcxproj", "{1B95BF7B-4339-4DBC-8F28-24E0A8941682}"
EndProject
Project("{8BC9CEB8-8B4A-11D0-8D11-00A0C91BC942}") = "MPU6050DMP6", "MPU6050DMP6\MPU6050DMP6.vcxproj", "{06BEAFBB-98CF-42C2-9B9F-80ACAC8DB96B}"
EndProject
Project("{8BC9CEB8-8B4A-11D0-8D11-00A0C91BC942}") = "MPU6050Raw", "MPU6050Raw\MPU6050Raw.vcxproj", "{2441633C-9F13-4F57-AAC0-D683724CE7FC}"
EndProject
Project("{8BC9CEB8-8B4A-11D0-8D11-00A0C91BC942}") = "MultiInts", "MultiInts\MultiInts.vcxproj", "{6DA5306A-28D1-46D2-A2B3-D7337466EFF9}"
EndProject
Project("{8BC9CEB8-8B4A-11D0-8D11-00A0C91BC942}") = "MultiTimers", "MultiTimers\MultiTimers.vcxproj", "{59BC2FB2-4F06-4F00-908B-0F23F55E5F37}"
EndProject
Project("{8BC9CEB8-8B4A-11D0-8D11-00A0C91BC942}") = "One7Seg", "One7Seg\One7Seg.vcxproj", "{AD40E1DF-5B8E-4235-9FB0-4D437B71DEBC}"
EndProject
Project("{8BC9CEB8-8B4A-11D0-8D11-00A0C91BC942}") = "Pinger", "Pinger\Pinger.vcxproj", "{38837BAB-A021-4152-813E-1FBF12645967}"
EndProject
Project("{8BC9CEB8-8B4A-11D0-8D11-00A0C91BC942}") = "rgbLED", "rgbLED\rgbLED.vcxproj", "{17586E95-0F3F-49AD-B644-0744768C2A4C}"
EndProject
Project("{8BC9CEB8-8B4A-11D0-8D11-00A0C91BC942}") = "shiftLEDs", "shiftLEDs\shiftLEDs.vcxproj", "{DA3FF0B0-2E17-45E0-9BFF-BB0138A4305A}"
EndProject
Project("{8BC9CEB8-8B4A-11D0-8D11-00A0C91BC942}") = "Theramin", "Theramin\Theramin.vcxproj", "{A4C0844B-79AB-419B-8687-8A63341FF1A1}"
EndProject
Project("{8BC9CEB8-8B4A-11D0-8D11-00A0C91BC942}") = "TrafficLights", "TrafficLights\TrafficLights.vcxproj", "{F1B20B4B-7845-4DC1-B7CF-CA67205AE961}"
EndProject
Project("{8BC9CEB8-8B4A-11D0-8D11-00A0C91BC942}") = "udpSend", "udpSend\udpSend.vcxproj", "{6DAD5AFD-5945-49DE-B3FD-77475CD70998}"
EndProject
Project("{8BC9CEB8-8B4A-11D0-8D11-00A0C91BC942}") = "XMasBauble", "XMasBauble\XMasBauble.vcxproj", "{6D699635-821C-45A2-ACED-9E6BE593D494}"
EndProject
Project("{2150E333-8FDC-42A3-9474-1A3956D46DE8}") = "MPU6050", "MPU6050", "{52AE9970-B067-453E-A686-82D1603C0F1A}"
EndProject
Project("{2150E333-8FDC-42A3-9474-1A3956D46DE8}") = "Interrupts", "Interrupts", "{6F9F3149-5CA7-4B3F-BCEA-9FE0EB793014}"
EndProject
Project("{2150E333-8FDC-42A3-9474-1A3956D46DE8}") = "ShiftRegs", "ShiftRegs", "{C30BD9C6-741C-4111-9B8B-1DDF07458DC3}"
EndProject
Project("{2150E333-8FDC-42A3-9474-1A3956D46DE8}") = "DS1307", "DS1307", "{86DA8F87-6434-425E-92A5-E8B10ADF193B}"
EndProject
Project("{2150E333-8FDC-42A3-9474-1A3956D46DE8}") = "I2C", "I2C", "{88A057FE-F85F-4801-A2CE-948F1825BB08}"
EndProject
Project("{2150E333-8FDC-42A3-9474-1A3956D46DE8}") = "Networking", "Networking", "{C4CD43A8-7252-44FF-B97D-EB058ED67664}"
EndProject
Project("{2150E333-8FDC-42A3-9474-1A3956D46DE8}") = "Projects", "Projects", "{35F251D7-0466-408A-938B-213FE2CDE773}"
EndProject
Project("{2150E333-8FDC-42A3-9474-1A3956D46DE8}") = "Christmas", "Christmas", "{9A2CBA9E-0457-4085-B056-DF66A20D87C5}"
EndProject
Project("{2150E333-8FDC-42A3-9474-1A3956D46DE8}") = "Solution Items", "Solution Items", "{02831870-D99B-41B0-97CA-6CB6F5CB1C95}"
	ProjectSection(SolutionItems) = preProject
		.gitignore = .gitignore
	EndProjectSection
EndProject
Project("{8BC9CEB8-8B4A-11D0-8D11-00A0C91BC942}") = "ServoSweep", "ServoSweep\ServoSweep.vcxproj", "{A8238F17-4E6A-4CA9-AC4C-1E0449EDA152}"
EndProject
Project("{8BC9CEB8-8B4A-11D0-8D11-00A0C91BC942}") = "ServoKnob", "ServoKnob\ServoKnob.vcxproj", "{8B121DE6-300D-4B22-BE50-C7C2F514B123}"
EndProject
Project("{2150E333-8FDC-42A3-9474-1A3956D46DE8}") = "Motors", "Motors", "{1E6A137E-68CA-42A7-A57E-A6C80FE93529}"
EndProject
Project("{8BC9CEB8-8B4A-11D0-8D11-00A0C91BC942}") = "StepperOneStepAtATime", "StepperOneStepAtATime\StepperOneStepAtATime.vcxproj", "{CED62D61-E696-4314-9CBC-B3F81138E15D}"
EndProject
Project("{8BC9CEB8-8B4A-11D0-8D11-00A0C91BC942}") = "dhcpAddress", "dhcpAddress\dhcpAddress.vcxproj", "{64A1EE06-84AA-4D0C-98C3-74668E2BAADF}"
EndProject
Project("{8BC9CEB8-8B4A-11D0-8D11-00A0C91BC942}") = "Blink", "Blink\Blink.vcxproj", "{6D3A8FDB-3BBA-457B-A7C4-4F8B71DADEDA}"
EndProject
Project("{8BC9CEB8-8B4A-11D0-8D11-00A0C91BC942}") = "TiltSwitch", "TiltSwitch\TiltSwitch.vcxproj", "{70DB2B97-C6B2-460B-9B10-22A726264CB5}"
EndProject
Project("{8BC9CEB8-8B4A-11D0-8D11-00A0C91BC942}") = "StepperOneRev", "StepperOneRev\StepperOneRev.vcxproj", "{37E4D864-8A8A-4CD1-9518-AAAE22837C5C}"
EndProject
Project("{8BC9CEB8-8B4A-11D0-8D11-00A0C91BC942}") = "StepperTest", "StepperTest\StepperTest.vcxproj", "{F3AFB9CB-93EE-474D-80EF-31B39D9A8368}"
EndProject
Project("{8BC9CEB8-8B4A-11D0-8D11-00A0C91BC942}") = "DCMotorController", "DCMotorController\DCMotorController.vcxproj", "{8131F0AF-2BA4-4B13-94DE-1EACB42C0125}"
EndProject
Project("{8BC9CEB8-8B4A-11D0-8D11-00A0C91BC942}") = "RoverMk1", "RoverMk1\RoverMk1.vcxproj", "{DA996770-AF34-4A6C-B22F-42BF354DB889}"
EndProject
Project("{2150E333-8FDC-42A3-9474-1A3956D46DE8}") = "Rover", "Rover", "{CD6B610E-ECA7-4199-BF78-AB5DD4142392}"
EndProject
Project("{8BC9CEB8-8B4A-11D0-8D11-00A0C91BC942}") = "POVTest", "POVTest\POVTest.vcxproj", "{3085A253-615C-4BA6-9790-AABFF499CB36}"
EndProject
Project("{2150E333-8FDC-42A3-9474-1A3956D46DE8}") = "ManualPOV", "ManualPOV", "{2F0C241C-5E79-4CD5-B337-872C4F710CF8}"
EndProject
Global
	GlobalSection(SolutionConfigurationPlatforms) = preSolution
		Debug|Win32 = Debug|Win32
		Release|Win32 = Release|Win32
	EndGlobalSection
	GlobalSection(ProjectConfigurationPlatforms) = postSolution
		{C123D148-3362-4CE9-B7E5-FD4AE534B323}.Debug|Win32.ActiveCfg = Debug|Win32
		{C123D148-3362-4CE9-B7E5-FD4AE534B323}.Debug|Win32.Build.0 = Debug|Win32
		{C123D148-3362-4CE9-B7E5-FD4AE534B323}.Release|Win32.ActiveCfg = Release|Win32
		{C123D148-3362-4CE9-B7E5-FD4AE534B323}.Release|Win32.Build.0 = Release|Win32
		{D61F7741-FF39-44A1-A88B-5C0E0250541B}.Debug|Win32.ActiveCfg = Debug|Win32
		{D61F7741-FF39-44A1-A88B-5C0E0250541B}.Debug|Win32.Build.0 = Debug|Win32
		{D61F7741-FF39-44A1-A88B-5C0E0250541B}.Release|Win32.ActiveCfg = Release|Win32
		{D61F7741-FF39-44A1-A88B-5C0E0250541B}.Release|Win32.Build.0 = Release|Win32
		{7CDF1F4F-D32A-4162-BBB4-79CE8E8DED8A}.Debug|Win32.ActiveCfg = Debug|Win32
		{7CDF1F4F-D32A-4162-BBB4-79CE8E8DED8A}.Debug|Win32.Build.0 = Debug|Win32
		{7CDF1F4F-D32A-4162-BBB4-79CE8E8DED8A}.Release|Win32.ActiveCfg = Release|Win32
		{7CDF1F4F-D32A-4162-BBB4-79CE8E8DED8A}.Release|Win32.Build.0 = Release|Win32
		{0C9A02CA-F177-4A1A-AD45-0C7B6382C0E1}.Debug|Win32.ActiveCfg = Debug|Win32
		{0C9A02CA-F177-4A1A-AD45-0C7B6382C0E1}.Debug|Win32.Build.0 = Debug|Win32
		{0C9A02CA-F177-4A1A-AD45-0C7B6382C0E1}.Release|Win32.ActiveCfg = Release|Win32
		{0C9A02CA-F177-4A1A-AD45-0C7B6382C0E1}.Release|Win32.Build.0 = Release|Win32
		{B2512DC6-CF42-48F8-927B-875D91A25AF6}.Debug|Win32.ActiveCfg = Debug|Win32
		{B2512DC6-CF42-48F8-927B-875D91A25AF6}.Debug|Win32.Build.0 = Debug|Win32
		{B2512DC6-CF42-48F8-927B-875D91A25AF6}.Release|Win32.ActiveCfg = Release|Win32
		{B2512DC6-CF42-48F8-927B-875D91A25AF6}.Release|Win32.Build.0 = Release|Win32
		{1B1ABD3A-8F70-46D1-BA3F-0812A45C763D}.Debug|Win32.ActiveCfg = Debug|Win32
		{1B1ABD3A-8F70-46D1-BA3F-0812A45C763D}.Debug|Win32.Build.0 = Debug|Win32
		{1B1ABD3A-8F70-46D1-BA3F-0812A45C763D}.Release|Win32.ActiveCfg = Release|Win32
		{1B1ABD3A-8F70-46D1-BA3F-0812A45C763D}.Release|Win32.Build.0 = Release|Win32
		{C1E8F1BE-A5C3-472E-A708-ADB63A570844}.Debug|Win32.ActiveCfg = Debug|Win32
		{C1E8F1BE-A5C3-472E-A708-ADB63A570844}.Debug|Win32.Build.0 = Debug|Win32
		{C1E8F1BE-A5C3-472E-A708-ADB63A570844}.Release|Win32.ActiveCfg = Release|Win32
		{C1E8F1BE-A5C3-472E-A708-ADB63A570844}.Release|Win32.Build.0 = Release|Win32
		{50DD4828-74A4-44A4-A910-80E0D96A904B}.Debug|Win32.ActiveCfg = Debug|Win32
		{50DD4828-74A4-44A4-A910-80E0D96A904B}.Debug|Win32.Build.0 = Debug|Win32
		{50DD4828-74A4-44A4-A910-80E0D96A904B}.Release|Win32.ActiveCfg = Release|Win32
		{50DD4828-74A4-44A4-A910-80E0D96A904B}.Release|Win32.Build.0 = Release|Win32
		{1B95BF7B-4339-4DBC-8F28-24E0A8941682}.Debug|Win32.ActiveCfg = Debug|Win32
		{1B95BF7B-4339-4DBC-8F28-24E0A8941682}.Debug|Win32.Build.0 = Debug|Win32
		{1B95BF7B-4339-4DBC-8F28-24E0A8941682}.Release|Win32.ActiveCfg = Release|Win32
		{1B95BF7B-4339-4DBC-8F28-24E0A8941682}.Release|Win32.Build.0 = Release|Win32
		{06BEAFBB-98CF-42C2-9B9F-80ACAC8DB96B}.Debug|Win32.ActiveCfg = Debug|Win32
		{06BEAFBB-98CF-42C2-9B9F-80ACAC8DB96B}.Debug|Win32.Build.0 = Debug|Win32
		{06BEAFBB-98CF-42C2-9B9F-80ACAC8DB96B}.Release|Win32.ActiveCfg = Release|Win32
		{06BEAFBB-98CF-42C2-9B9F-80ACAC8DB96B}.Release|Win32.Build.0 = Release|Win32
		{2441633C-9F13-4F57-AAC0-D683724CE7FC}.Debug|Win32.ActiveCfg = Debug|Win32
		{2441633C-9F13-4F57-AAC0-D683724CE7FC}.Debug|Win32.Build.0 = Debug|Win32
		{2441633C-9F13-4F57-AAC0-D683724CE7FC}.Release|Win32.ActiveCfg = Release|Win32
		{2441633C-9F13-4F57-AAC0-D683724CE7FC}.Release|Win32.Build.0 = Release|Win32
		{6DA5306A-28D1-46D2-A2B3-D7337466EFF9}.Debug|Win32.ActiveCfg = Debug|Win32
		{6DA5306A-28D1-46D2-A2B3-D7337466EFF9}.Debug|Win32.Build.0 = Debug|Win32
		{6DA5306A-28D1-46D2-A2B3-D7337466EFF9}.Release|Win32.ActiveCfg = Release|Win32
		{6DA5306A-28D1-46D2-A2B3-D7337466EFF9}.Release|Win32.Build.0 = Release|Win32
		{59BC2FB2-4F06-4F00-908B-0F23F55E5F37}.Debug|Win32.ActiveCfg = Debug|Win32
		{59BC2FB2-4F06-4F00-908B-0F23F55E5F37}.Debug|Win32.Build.0 = Debug|Win32
		{59BC2FB2-4F06-4F00-908B-0F23F55E5F37}.Release|Win32.ActiveCfg = Release|Win32
		{59BC2FB2-4F06-4F00-908B-0F23F55E5F37}.Release|Win32.Build.0 = Release|Win32
		{AD40E1DF-5B8E-4235-9FB0-4D437B71DEBC}.Debug|Win32.ActiveCfg = Debug|Win32
		{AD40E1DF-5B8E-4235-9FB0-4D437B71DEBC}.Debug|Win32.Build.0 = Debug|Win32
		{AD40E1DF-5B8E-4235-9FB0-4D437B71DEBC}.Release|Win32.ActiveCfg = Release|Win32
		{AD40E1DF-5B8E-4235-9FB0-4D437B71DEBC}.Release|Win32.Build.0 = Release|Win32
		{38837BAB-A021-4152-813E-1FBF12645967}.Debug|Win32.ActiveCfg = Debug|Win32
		{38837BAB-A021-4152-813E-1FBF12645967}.Debug|Win32.Build.0 = Debug|Win32
		{38837BAB-A021-4152-813E-1FBF12645967}.Release|Win32.ActiveCfg = Release|Win32
		{38837BAB-A021-4152-813E-1FBF12645967}.Release|Win32.Build.0 = Release|Win32
		{17586E95-0F3F-49AD-B644-0744768C2A4C}.Debug|Win32.ActiveCfg = Debug|Win32
		{17586E95-0F3F-49AD-B644-0744768C2A4C}.Debug|Win32.Build.0 = Debug|Win32
		{17586E95-0F3F-49AD-B644-0744768C2A4C}.Release|Win32.ActiveCfg = Release|Win32
		{17586E95-0F3F-49AD-B644-0744768C2A4C}.Release|Win32.Build.0 = Release|Win32
		{DA3FF0B0-2E17-45E0-9BFF-BB0138A4305A}.Debug|Win32.ActiveCfg = Debug|Win32
		{DA3FF0B0-2E17-45E0-9BFF-BB0138A4305A}.Debug|Win32.Build.0 = Debug|Win32
		{DA3FF0B0-2E17-45E0-9BFF-BB0138A4305A}.Release|Win32.ActiveCfg = Release|Win32
		{DA3FF0B0-2E17-45E0-9BFF-BB0138A4305A}.Release|Win32.Build.0 = Release|Win32
		{A4C0844B-79AB-419B-8687-8A63341FF1A1}.Debug|Win32.ActiveCfg = Debug|Win32
		{A4C0844B-79AB-419B-8687-8A63341FF1A1}.Debug|Win32.Build.0 = Debug|Win32
		{A4C0844B-79AB-419B-8687-8A63341FF1A1}.Release|Win32.ActiveCfg = Release|Win32
		{A4C0844B-79AB-419B-8687-8A63341FF1A1}.Release|Win32.Build.0 = Release|Win32
		{F1B20B4B-7845-4DC1-B7CF-CA67205AE961}.Debug|Win32.ActiveCfg = Debug|Win32
		{F1B20B4B-7845-4DC1-B7CF-CA67205AE961}.Debug|Win32.Build.0 = Debug|Win32
		{F1B20B4B-7845-4DC1-B7CF-CA67205AE961}.Release|Win32.ActiveCfg = Release|Win32
		{F1B20B4B-7845-4DC1-B7CF-CA67205AE961}.Release|Win32.Build.0 = Release|Win32
		{6DAD5AFD-5945-49DE-B3FD-77475CD70998}.Debug|Win32.ActiveCfg = Debug|Win32
		{6DAD5AFD-5945-49DE-B3FD-77475CD70998}.Debug|Win32.Build.0 = Debug|Win32
		{6DAD5AFD-5945-49DE-B3FD-77475CD70998}.Release|Win32.ActiveCfg = Release|Win32
		{6DAD5AFD-5945-49DE-B3FD-77475CD70998}.Release|Win32.Build.0 = Release|Win32
		{6D699635-821C-45A2-ACED-9E6BE593D494}.Debug|Win32.ActiveCfg = Debug|Win32
		{6D699635-821C-45A2-ACED-9E6BE593D494}.Debug|Win32.Build.0 = Debug|Win32
		{6D699635-821C-45A2-ACED-9E6BE593D494}.Release|Win32.ActiveCfg = Release|Win32
		{6D699635-821C-45A2-ACED-9E6BE593D494}.Release|Win32.Build.0 = Release|Win32
		{A8238F17-4E6A-4CA9-AC4C-1E0449EDA152}.Debug|Win32.ActiveCfg = Debug|Win32
		{A8238F17-4E6A-4CA9-AC4C-1E0449EDA152}.Debug|Win32.Build.0 = Debug|Win32
		{A8238F17-4E6A-4CA9-AC4C-1E0449EDA152}.Release|Win32.ActiveCfg = Release|Win32
		{A8238F17-4E6A-4CA9-AC4C-1E0449EDA152}.Release|Win32.Build.0 = Release|Win32
		{8B121DE6-300D-4B22-BE50-C7C2F514B123}.Debug|Win32.ActiveCfg = Debug|Win32
		{8B121DE6-300D-4B22-BE50-C7C2F514B123}.Debug|Win32.Build.0 = Debug|Win32
		{8B121DE6-300D-4B22-BE50-C7C2F514B123}.Release|Win32.ActiveCfg = Release|Win32
		{8B121DE6-300D-4B22-BE50-C7C2F514B123}.Release|Win32.Build.0 = Release|Win32
		{CED62D61-E696-4314-9CBC-B3F81138E15D}.Debug|Win32.ActiveCfg = Debug|Win32
		{CED62D61-E696-4314-9CBC-B3F81138E15D}.Debug|Win32.Build.0 = Debug|Win32
		{CED62D61-E696-4314-9CBC-B3F81138E15D}.Release|Win32.ActiveCfg = Release|Win32
		{CED62D61-E696-4314-9CBC-B3F81138E15D}.Release|Win32.Build.0 = Release|Win32
		{64A1EE06-84AA-4D0C-98C3-74668E2BAADF}.Debug|Win32.ActiveCfg = Debug|Win32
		{64A1EE06-84AA-4D0C-98C3-74668E2BAADF}.Debug|Win32.Build.0 = Debug|Win32
		{64A1EE06-84AA-4D0C-98C3-74668E2BAADF}.Release|Win32.ActiveCfg = Release|Win32
		{64A1EE06-84AA-4D0C-98C3-74668E2BAADF}.Release|Win32.Build.0 = Release|Win32
		{6D3A8FDB-3BBA-457B-A7C4-4F8B71DADEDA}.Debug|Win32.ActiveCfg = Debug|Win32
		{6D3A8FDB-3BBA-457B-A7C4-4F8B71DADEDA}.Debug|Win32.Build.0 = Debug|Win32
		{6D3A8FDB-3BBA-457B-A7C4-4F8B71DADEDA}.Release|Win32.ActiveCfg = Release|Win32
		{6D3A8FDB-3BBA-457B-A7C4-4F8B71DADEDA}.Release|Win32.Build.0 = Release|Win32
		{70DB2B97-C6B2-460B-9B10-22A726264CB5}.Debug|Win32.ActiveCfg = Debug|Win32
		{70DB2B97-C6B2-460B-9B10-22A726264CB5}.Debug|Win32.Build.0 = Debug|Win32
		{70DB2B97-C6B2-460B-9B10-22A726264CB5}.Release|Win32.ActiveCfg = Release|Win32
		{70DB2B97-C6B2-460B-9B10-22A726264CB5}.Release|Win32.Build.0 = Release|Win32
		{37E4D864-8A8A-4CD1-9518-AAAE22837C5C}.Debug|Win32.ActiveCfg = Debug|Win32
		{37E4D864-8A8A-4CD1-9518-AAAE22837C5C}.Debug|Win32.Build.0 = Debug|Win32
		{37E4D864-8A8A-4CD1-9518-AAAE22837C5C}.Release|Win32.ActiveCfg = Release|Win32
		{37E4D864-8A8A-4CD1-9518-AAAE22837C5C}.Release|Win32.Build.0 = Release|Win32
		{F3AFB9CB-93EE-474D-80EF-31B39D9A8368}.Debug|Win32.ActiveCfg = Debug|Win32
		{F3AFB9CB-93EE-474D-80EF-31B39D9A8368}.Debug|Win32.Build.0 = Debug|Win32
		{F3AFB9CB-93EE-474D-80EF-31B39D9A8368}.Release|Win32.ActiveCfg = Release|Win32
		{F3AFB9CB-93EE-474D-80EF-31B39D9A8368}.Release|Win32.Build.0 = Release|Win32
		{8131F0AF-2BA4-4B13-94DE-1EACB42C0125}.Debug|Win32.ActiveCfg = Debug|Win32
		{8131F0AF-2BA4-4B13-94DE-1EACB42C0125}.Debug|Win32.Build.0 = Debug|Win32
		{8131F0AF-2BA4-4B13-94DE-1EACB42C0125}.Release|Win32.ActiveCfg = Release|Win32
		{8131F0AF-2BA4-4B13-94DE-1EACB42C0125}.Release|Win32.Build.0 = Release|Win32
		{DA996770-AF34-4A6C-B22F-42BF354DB889}.Debug|Win32.ActiveCfg = Debug|Win32
		{DA996770-AF34-4A6C-B22F-42BF354DB889}.Debug|Win32.Build.0 = Debug|Win32
		{DA996770-AF34-4A6C-B22F-42BF354DB889}.Release|Win32.ActiveCfg = Release|Win32
		{DA996770-AF34-4A6C-B22F-42BF354DB889}.Release|Win32.Build.0 = Release|Win32
		{3085A253-615C-4BA6-9790-AABFF499CB36}.Debug|Win32.ActiveCfg = Debug|Win32
		{3085A253-615C-4BA6-9790-AABFF499CB36}.Debug|Win32.Build.0 = Debug|Win32
		{3085A253-615C-4BA6-9790-AABFF499CB36}.Release|Win32.ActiveCfg = Release|Win32
		{3085A253-615C-4BA6-9790-AABFF499CB36}.Release|Win32.Build.0 = Release|Win32
	EndGlobalSection
	GlobalSection(SolutionProperties) = preSolution
		HideSolutionNode = FALSE
	EndGlobalSection
	GlobalSection(NestedProjects) = preSolution
		{7CDF1F4F-D32A-4162-BBB4-79CE8E8DED8A} = {86DA8F87-6434-425E-92A5-E8B10ADF193B}
		{0C9A02CA-F177-4A1A-AD45-0C7B6382C0E1} = {86DA8F87-6434-425E-92A5-E8B10ADF193B}
		{D61F7741-FF39-44A1-A88B-5C0E0250541B} = {86DA8F87-6434-425E-92A5-E8B10ADF193B}
		{1B1ABD3A-8F70-46D1-BA3F-0812A45C763D} = {88A057FE-F85F-4801-A2CE-948F1825BB08}
		{B2512DC6-CF42-48F8-927B-875D91A25AF6} = {88A057FE-F85F-4801-A2CE-948F1825BB08}
		{50DD4828-74A4-44A4-A910-80E0D96A904B} = {6F9F3149-5CA7-4B3F-BCEA-9FE0EB793014}
		{6DA5306A-28D1-46D2-A2B3-D7337466EFF9} = {6F9F3149-5CA7-4B3F-BCEA-9FE0EB793014}
		{59BC2FB2-4F06-4F00-908B-0F23F55E5F37} = {6F9F3149-5CA7-4B3F-BCEA-9FE0EB793014}
		{C1E8F1BE-A5C3-472E-A708-ADB63A570844} = {6F9F3149-5CA7-4B3F-BCEA-9FE0EB793014}
		{06BEAFBB-98CF-42C2-9B9F-80ACAC8DB96B} = {52AE9970-B067-453E-A686-82D1603C0F1A}
		{2441633C-9F13-4F57-AAC0-D683724CE7FC} = {52AE9970-B067-453E-A686-82D1603C0F1A}
		{1B95BF7B-4339-4DBC-8F28-24E0A8941682} = {52AE9970-B067-453E-A686-82D1603C0F1A}
		{DA3FF0B0-2E17-45E0-9BFF-BB0138A4305A} = {C30BD9C6-741C-4111-9B8B-1DDF07458DC3}
		{AD40E1DF-5B8E-4235-9FB0-4D437B71DEBC} = {C30BD9C6-741C-4111-9B8B-1DDF07458DC3}
		{A4C0844B-79AB-419B-8687-8A63341FF1A1} = {35F251D7-0466-408A-938B-213FE2CDE773}
		{F1B20B4B-7845-4DC1-B7CF-CA67205AE961} = {35F251D7-0466-408A-938B-213FE2CDE773}
		{38837BAB-A021-4152-813E-1FBF12645967} = {35F251D7-0466-408A-938B-213FE2CDE773}
		{70DB2B97-C6B2-460B-9B10-22A726264CB5} = {35F251D7-0466-408A-938B-213FE2CDE773}
		{6DAD5AFD-5945-49DE-B3FD-77475CD70998} = {C4CD43A8-7252-44FF-B97D-EB058ED67664}
		{64A1EE06-84AA-4D0C-98C3-74668E2BAADF} = {C4CD43A8-7252-44FF-B97D-EB058ED67664}
		{6D699635-821C-45A2-ACED-9E6BE593D494} = {9A2CBA9E-0457-4085-B056-DF66A20D87C5}
		{8B121DE6-300D-4B22-BE50-C7C2F514B123} = {1E6A137E-68CA-42A7-A57E-A6C80FE93529}
		{A8238F17-4E6A-4CA9-AC4C-1E0449EDA152} = {1E6A137E-68CA-42A7-A57E-A6C80FE93529}
		{CED62D61-E696-4314-9CBC-B3F81138E15D} = {1E6A137E-68CA-42A7-A57E-A6C80FE93529}
		{37E4D864-8A8A-4CD1-9518-AAAE22837C5C} = {1E6A137E-68CA-42A7-A57E-A6C80FE93529}
		{F3AFB9CB-93EE-474D-80EF-31B39D9A8368} = {1E6A137E-68CA-42A7-A57E-A6C80FE93529}
		{8131F0AF-2BA4-4B13-94DE-1EACB42C0125} = {1E6A137E-68CA-42A7-A57E-A6C80FE93529}
		{DA996770-AF34-4A6C-B22F-42BF354DB889} = {CD6B610E-ECA7-4199-BF78-AB5DD4142392}
		{3085A253-615C-4BA6-9790-AABFF499CB36} = {2F0C241C-5E79-4CD5-B337-872C4F710CF8}
	EndGlobalSection
EndGlobal
