<?xml version="1.0" encoding="utf-8"?>
<Project ToolsVersion="4.0" xmlns="http://schemas.microsoft.com/developer/msbuild/2003">
  <ItemGroup>
    <Filter Include="Source Files">
      <UniqueIdentifier>{4FC737F1-C7A5-4376-A066-2A32D752A2FF}</UniqueIdentifier>
      <Extensions>cpp;c;cc;cxx;def;odl;idl;hpj;bat;asm;asmx</Extensions>
    </Filter>
    <Filter Include="Header Files">
      <UniqueIdentifier>{93995380-89BD-4b04-88EB-625FBE52EBFB}</UniqueIdentifier>
      <Extensions>h;hpp;hxx;hm;inl;inc;xsd</Extensions>
    </Filter>
    <Filter Include="Resource Files">
      <UniqueIdentifier>{67DA6AB6-F800-4c08-8B7A-83BB121AAD01}</UniqueIdentifier>
      <Extensions>rc;ico;cur;bmp;dlg;rc2;rct;bin;rgs;gif;jpg;jpeg;jpe;resx;tiff;tif;png;wav;mfcribbon-ms</Extensions>
    </Filter>
  </ItemGroup>
  <ItemGroup>
    <None Include="i2cLCD.ino" />
  </ItemGroup>
  <ItemGroup>
    <ClInclude Include="Visual Micro\.i2cLCD.vsarduino.h">
      <Filter>Header Files</Filter>
    </ClInclude>
    <ClInclude Include="C:\arduino-1.0.1\hardware\arduino\cores\arduino\Platform.h">
      <Filter>Header Files</Filter>
    </ClInclude>
    <ClInclude Include="C:\arduino-1.0.1\hardware\arduino\cores\arduino\Print.h">
      <Filter>Header Files</Filter>
    </ClInclude>
    <ClInclude Include="C:\arduino-1.0.1\hardware\arduino\cores\arduino\Printable.h">
      <Filter>Header Files</Filter>
    </ClInclude>
    <ClInclude Include="C:\arduino-1.0.1\hardware\arduino\cores\arduino\Server.h">
      <Filter>Header Files</Filter>
    </ClInclude>
    <ClInclude Include="C:\arduino-1.0.1\hardware\arduino\cores\arduino\Stream.h">
      <Filter>Header Files</Filter>
    </ClInclude>
    <ClInclude Include="C:\arduino-1.0.1\hardware\arduino\cores\arduino\Udp.h">
      <Filter>Header Files</Filter>
    </ClInclude>
    <ClInclude Include="C:\arduino-1.0.1\hardware\arduino\cores\arduino\USBAPI.h">
      <Filter>Header Files</Filter>
    </ClInclude>
    <ClInclude Include="C:\arduino-1.0.1\hardware\arduino\cores\arduino\USBCore.h">
      <Filter>Header Files</Filter>
    </ClInclude>
    <ClInclude Include="C:\arduino-1.0.1\hardware\arduino\cores\arduino\USBDesc.h">
      <Filter>Header Files</Filter>
    </ClInclude>
    <ClInclude Include="C:\arduino-1.0.1\hardware\arduino\cores\arduino\WCharacter.h">
      <Filter>Header Files</Filter>
    </ClInclude>
    <ClInclude Include="C:\arduino-1.0.1\hardware\arduino\cores\arduino\wiring_private.h">
      <Filter>Header Files</Filter>
    </ClInclude>
    <ClInclude Include="C:\arduino-1.0.1\hardware\arduino\cores\arduino\WString.h">
      <Filter>Header Files</Filter>
    </ClInclude>
    <ClInclude Include="C:\arduino-1.0.1\hardware\arduino\variants\standard\pins_arduino.h">
      <Filter>Header Files</Filter>
    </ClInclude>
    <ClInclude Include="C:\arduino-1.0.1\libraries\LiquidCrystal\FastIO.h">
      <Filter>Header Files</Filter>
    </ClInclude>
    <ClInclude Include="C:\arduino-1.0.1\libraries\LiquidCrystal\I2CIO.h">
      <Filter>Header Files</Filter>
    </ClInclude>
    <ClInclude Include="C:\arduino-1.0.1\libraries\LiquidCrystal\LCD.h">
      <Filter>Header Files</Filter>
    </ClInclude>
    <ClInclude Include="C:\arduino-1.0.1\libraries\LiquidCrystal\LiquidCrystal.h">
      <Filter>Header Files</Filter>
    </ClInclude>
    <ClInclude Include="C:\arduino-1.0.1\libraries\LiquidCrystal\LiquidCrystal_I2C.h">
      <Filter>Header Files</Filter>
    </ClInclude>
    <ClInclude Include="C:\arduino-1.0.1\libraries\LiquidCrystal\LiquidCrystal_SR.h">
      <Filter>Header Files</Filter>
    </ClInclude>
    <ClInclude Include="C:\arduino-1.0.1\libraries\LiquidCrystal\LiquidCrystal_SR2W.h">
      <Filter>Header Files</Filter>
    </ClInclude>
    <ClInclude Include="C:\arduino-1.0.1\libraries\LiquidCrystal\LiquidCrystal_SR3W.h">
      <Filter>Header Files</Filter>
    </ClInclude>
    <ClInclude Include="C:\arduino-1.0.1\libraries\Wire\Wire.h">
      <Filter>Header Files</Filter>
    </ClInclude>
  </ItemGroup>
  <ItemGroup>
    <ClCompile Include="C:\arduino-1.0.1\hardware\arduino\cores\arduino\Print.cpp">
      <Filter>Source Files</Filter>
    </ClCompile>
    <ClCompile Include="C:\arduino-1.0.1\hardware\arduino\cores\arduino\Stream.cpp">
      <Filter>Source Files</Filter>
    </ClCompile>
    <ClCompile Include="C:\arduino-1.0.1\hardware\arduino\cores\arduino\Tone.cpp">
      <Filter>Source Files</Filter>
    </ClCompile>
    <ClCompile Include="C:\arduino-1.0.1\hardware\arduino\cores\arduino\USBCore.cpp">
      <Filter>Source Files</Filter>
    </ClCompile>
    <ClCompile Include="C:\arduino-1.0.1\hardware\arduino\cores\arduino\WInterrupts.c">
      <Filter>Source Files</Filter>
    </ClCompile>
    <ClCompile Include="C:\arduino-1.0.1\hardware\arduino\cores\arduino\wiring.c">
      <Filter>Source Files</Filter>
    </ClCompile>
    <ClCompile Include="C:\arduino-1.0.1\hardware\arduino\cores\arduino\wiring_analog.c">
      <Filter>Source Files</Filter>
    </ClCompile>
    <ClCompile Include="C:\arduino-1.0.1\hardware\arduino\cores\arduino\wiring_digital.c">
      <Filter>Source Files</Filter>
    </ClCompile>
    <ClCompile Include="C:\arduino-1.0.1\hardware\arduino\cores\arduino\wiring_pulse.c">
      <Filter>Source Files</Filter>
    </ClCompile>
    <ClCompile Include="C:\arduino-1.0.1\hardware\arduino\cores\arduino\wiring_shift.c">
      <Filter>Source Files</Filter>
    </ClCompile>
    <ClCompile Include="C:\arduino-1.0.1\hardware\arduino\cores\arduino\WMath.cpp">
      <Filter>Source Files</Filter>
    </ClCompile>
    <ClCompile Include="C:\arduino-1.0.1\hardware\arduino\cores\arduino\WString.cpp">
      <Filter>Source Files</Filter>
    </ClCompile>
    <ClCompile Include="C:\arduino-1.0.1\libraries\LiquidCrystal\FastIO.cpp">
      <Filter>Source Files</Filter>
    </ClCompile>
    <ClCompile Include="C:\arduino-1.0.1\libraries\LiquidCrystal\I2CIO.cpp">
      <Filter>Source Files</Filter>
    </ClCompile>
    <ClCompile Include="C:\arduino-1.0.1\libraries\LiquidCrystal\LCD.cpp">
      <Filter>Source Files</Filter>
    </ClCompile>
    <ClCompile Include="C:\arduino-1.0.1\libraries\LiquidCrystal\LiquidCrystal.cpp">
      <Filter>Source Files</Filter>
    </ClCompile>
    <ClCompile Include="C:\arduino-1.0.1\libraries\LiquidCrystal\LiquidCrystal_I2C.cpp">
      <Filter>Source Files</Filter>
    </ClCompile>
    <ClCompile Include="C:\arduino-1.0.1\libraries\LiquidCrystal\LiquidCrystal_SR.cpp">
      <Filter>Source Files</Filter>
    </ClCompile>
    <ClCompile Include="C:\arduino-1.0.1\libraries\LiquidCrystal\LiquidCrystal_SR2W.cpp">
      <Filter>Source Files</Filter>
    </ClCompile>
    <ClCompile Include="C:\arduino-1.0.1\libraries\LiquidCrystal\LiquidCrystal_SR3W.cpp">
      <Filter>Source Files</Filter>
    </ClCompile>
    <ClCompile Include="C:\arduino-1.0.1\libraries\Wire\Wire.cpp">
      <Filter>Source Files</Filter>
    </ClCompile>
  </ItemGroup>
</Project>